// !$*UTF8*$!
{
	archiveVersion = 1;
	classes = {
	};
	objectVersion = 46;
	objects = {

/* Begin PBXBuildFile section */
		A3AA9A6C19745FFF0012319F /* Foundation.framework in Frameworks */ = {isa = PBXBuildFile; fileRef = A3AA9A6B19745FFF0012319F /* Foundation.framework */; };
		A3AA9A6E19745FFF0012319F /* CoreGraphics.framework in Frameworks */ = {isa = PBXBuildFile; fileRef = A3AA9A6D19745FFF0012319F /* CoreGraphics.framework */; };
		A3AA9A7019745FFF0012319F /* UIKit.framework in Frameworks */ = {isa = PBXBuildFile; fileRef = A3AA9A6F19745FFF0012319F /* UIKit.framework */; };
		A3AA9A7619745FFF0012319F /* InfoPlist.strings in Resources */ = {isa = PBXBuildFile; fileRef = A3AA9A7419745FFF0012319F /* InfoPlist.strings */; };
		A3AA9A7819745FFF0012319F /* main.m in Sources */ = {isa = PBXBuildFile; fileRef = A3AA9A7719745FFF0012319F /* main.m */; };
		A3AA9A7C19745FFF0012319F /* MSGAppDelegate.m in Sources */ = {isa = PBXBuildFile; fileRef = A3AA9A7B19745FFF0012319F /* MSGAppDelegate.m */; };
		A3AA9A7F19745FFF0012319F /* Main.storyboard in Resources */ = {isa = PBXBuildFile; fileRef = A3AA9A7D19745FFF0012319F /* Main.storyboard */; };
		A3AA9A8419745FFF0012319F /* Images.xcassets in Resources */ = {isa = PBXBuildFile; fileRef = A3AA9A8319745FFF0012319F /* Images.xcassets */; };
		A3AA9A8B19745FFF0012319F /* XCTest.framework in Frameworks */ = {isa = PBXBuildFile; fileRef = A3AA9A8A19745FFF0012319F /* XCTest.framework */; };
		A3AA9A8C19745FFF0012319F /* Foundation.framework in Frameworks */ = {isa = PBXBuildFile; fileRef = A3AA9A6B19745FFF0012319F /* Foundation.framework */; };
		A3AA9A8D19745FFF0012319F /* UIKit.framework in Frameworks */ = {isa = PBXBuildFile; fileRef = A3AA9A6F19745FFF0012319F /* UIKit.framework */; };
		A3AA9A9519745FFF0012319F /* InfoPlist.strings in Resources */ = {isa = PBXBuildFile; fileRef = A3AA9A9319745FFF0012319F /* InfoPlist.strings */; };
		A3AA9A9719745FFF0012319F /* UITableViewController_Challenge_SolutionTests.m in Sources */ = {isa = PBXBuildFile; fileRef = A3AA9A9619745FFF0012319F /* UITableViewController_Challenge_SolutionTests.m */; };
		A3AA9AA2197460F80012319F /* MSGTableViewController.m in Sources */ = {isa = PBXBuildFile; fileRef = A3AA9AA1197460F80012319F /* MSGTableViewController.m */; };
/* End PBXBuildFile section */

/* Begin PBXContainerItemProxy section */
		A3AA9A8E19745FFF0012319F /* PBXContainerItemProxy */ = {
			isa = PBXContainerItemProxy;
			containerPortal = A3AA9A6019745FFE0012319F /* Project object */;
			proxyType = 1;
			remoteGlobalIDString = A3AA9A6719745FFE0012319F;
			remoteInfo = "UITableViewController Challenge Solution";
		};
/* End PBXContainerItemProxy section */

/* Begin PBXFileReference section */
		A3AA9A6819745FFF0012319F /* UITableViewController Challenge Solution.app */ = {isa = PBXFileReference; explicitFileType = wrapper.application; includeInIndex = 0; path = "UITableViewController Challenge Solution.app"; sourceTree = BUILT_PRODUCTS_DIR; };
		A3AA9A6B19745FFF0012319F /* Foundation.framework */ = {isa = PBXFileReference; lastKnownFileType = wrapper.framework; name = Foundation.framework; path = System/Library/Frameworks/Foundation.framework; sourceTree = SDKROOT; };
		A3AA9A6D19745FFF0012319F /* CoreGraphics.framework */ = {isa = PBXFileReference; lastKnownFileType = wrapper.framework; name = CoreGraphics.framework; path = System/Library/Frameworks/CoreGraphics.framework; sourceTree = SDKROOT; };
		A3AA9A6F19745FFF0012319F /* UIKit.framework */ = {isa = PBXFileReference; lastKnownFileType = wrapper.framework; name = UIKit.framework; path = System/Library/Frameworks/UIKit.framework; sourceTree = SDKROOT; };
		A3AA9A7319745FFF0012319F /* UITableViewController Challenge Solution-Info.plist */ = {isa = PBXFileReference; lastKnownFileType = text.plist.xml; path = "UITableViewController Challenge Solution-Info.plist"; sourceTree = "<group>"; };
		A3AA9A7519745FFF0012319F /* en */ = {isa = PBXFileReference; lastKnownFileType = text.plist.strings; name = en; path = en.lproj/InfoPlist.strings; sourceTree = "<group>"; };
		A3AA9A7719745FFF0012319F /* main.m */ = {isa = PBXFileReference; lastKnownFileType = sourcecode.c.objc; path = main.m; sourceTree = "<group>"; };
		A3AA9A7919745FFF0012319F /* UITableViewController Challenge Solution-Prefix.pch */ = {isa = PBXFileReference; lastKnownFileType = sourcecode.c.h; path = "UITableViewController Challenge Solution-Prefix.pch"; sourceTree = "<group>"; };
		A3AA9A7A19745FFF0012319F /* MSGAppDelegate.h */ = {isa = PBXFileReference; lastKnownFileType = sourcecode.c.h; path = MSGAppDelegate.h; sourceTree = "<group>"; };
		A3AA9A7B19745FFF0012319F /* MSGAppDelegate.m */ = {isa = PBXFileReference; lastKnownFileType = sourcecode.c.objc; path = MSGAppDelegate.m; sourceTree = "<group>"; };
		A3AA9A7E19745FFF0012319F /* Base */ = {isa = PBXFileReference; lastKnownFileType = file.storyboard; name = Base; path = Base.lproj/Main.storyboard; sourceTree = "<group>"; };
		A3AA9A8319745FFF0012319F /* Images.xcassets */ = {isa = PBXFileReference; lastKnownFileType = folder.assetcatalog; path = Images.xcassets; sourceTree = "<group>"; };
		A3AA9A8919745FFF0012319F /* UITableViewController Challenge SolutionTests.xctest */ = {isa = PBXFileReference; explicitFileType = wrapper.cfbundle; includeInIndex = 0; path = "UITableViewController Challenge SolutionTests.xctest"; sourceTree = BUILT_PRODUCTS_DIR; };
		A3AA9A8A19745FFF0012319F /* XCTest.framework */ = {isa = PBXFileReference; lastKnownFileType = wrapper.framework; name = XCTest.framework; path = Library/Frameworks/XCTest.framework; sourceTree = DEVELOPER_DIR; };
		A3AA9A9219745FFF0012319F /* UITableViewController Challenge SolutionTests-Info.plist */ = {isa = PBXFileReference; lastKnownFileType = text.plist.xml; path = "UITableViewController Challenge SolutionTests-Info.plist"; sourceTree = "<group>"; };
		A3AA9A9419745FFF0012319F /* en */ = {isa = PBXFileReference; lastKnownFileType = text.plist.strings; name = en; path = en.lproj/InfoPlist.strings; sourceTree = "<group>"; };
		A3AA9A9619745FFF0012319F /* UITableViewController_Challenge_SolutionTests.m */ = {isa = PBXFileReference; lastKnownFileType = sourcecode.c.objc; path = UITableViewController_Challenge_SolutionTests.m; sourceTree = "<group>"; };
		A3AA9AA0197460F80012319F /* MSGTableViewController.h */ = {isa = PBXFileReference; fileEncoding = 4; lastKnownFileType = sourcecode.c.h; name = MSGTableViewController.h; path = ../MSGTableViewController.h; sourceTree = "<group>"; };
		A3AA9AA1197460F80012319F /* MSGTableViewController.m */ = {isa = PBXFileReference; fileEncoding = 4; lastKnownFileType = sourcecode.c.objc; name = MSGTableViewController.m; path = ../MSGTableViewController.m; sourceTree = "<group>"; };
/* End PBXFileReference section */

/* Begin PBXFrameworksBuildPhase section */
		A3AA9A6519745FFE0012319F /* Frameworks */ = {
			isa = PBXFrameworksBuildPhase;
			buildActionMask = 2147483647;
			files = (
				A3AA9A6E19745FFF0012319F /* CoreGraphics.framework in Frameworks */,
				A3AA9A7019745FFF0012319F /* UIKit.framework in Frameworks */,
				A3AA9A6C19745FFF0012319F /* Foundation.framework in Frameworks */,
			);
			runOnlyForDeploymentPostprocessing = 0;
		};
		A3AA9A8619745FFF0012319F /* Frameworks */ = {
			isa = PBXFrameworksBuildPhase;
			buildActionMask = 2147483647;
			files = (
				A3AA9A8B19745FFF0012319F /* XCTest.framework in Frameworks */,
				A3AA9A8D19745FFF0012319F /* UIKit.framework in Frameworks */,
				A3AA9A8C19745FFF0012319F /* Foundation.framework in Frameworks */,
			);
			runOnlyForDeploymentPostprocessing = 0;
		};
/* End PBXFrameworksBuildPhase section */

/* Begin PBXGroup section */
		A3AA9A5F19745FFE0012319F = {
			isa = PBXGroup;
			children = (
				A3AA9A7119745FFF0012319F /* UITableViewController Challenge Solution */,
				A3AA9A9019745FFF0012319F /* UITableViewController Challenge SolutionTests */,
				A3AA9A6A19745FFF0012319F /* Frameworks */,
				A3AA9A6919745FFF0012319F /* Products */,
			);
			sourceTree = "<group>";
		};
		A3AA9A6919745FFF0012319F /* Products */ = {
			isa = PBXGroup;
			children = (
				A3AA9A6819745FFF0012319F /* UITableViewController Challenge Solution.app */,
				A3AA9A8919745FFF0012319F /* UITableViewController Challenge SolutionTests.xctest */,
			);
			name = Products;
			sourceTree = "<group>";
		};
		A3AA9A6A19745FFF0012319F /* Frameworks */ = {
			isa = PBXGroup;
			children = (
				A3AA9A6B19745FFF0012319F /* Foundation.framework */,
				A3AA9A6D19745FFF0012319F /* CoreGraphics.framework */,
				A3AA9A6F19745FFF0012319F /* UIKit.framework */,
				A3AA9A8A19745FFF0012319F /* XCTest.framework */,
			);
			name = Frameworks;
			sourceTree = "<group>";
		};
		A3AA9A7119745FFF0012319F /* UITableViewController Challenge Solution */ = {
			isa = PBXGroup;
			children = (
				A3AA9A7A19745FFF0012319F /* MSGAppDelegate.h */,
				A3AA9A7B19745FFF0012319F /* MSGAppDelegate.m */,
				A3AA9AA0197460F80012319F /* MSGTableViewController.h */,
				A3AA9AA1197460F80012319F /* MSGTableViewController.m */,
				A3AA9A7D19745FFF0012319F /* Main.storyboard */,
				A3AA9A8319745FFF0012319F /* Images.xcassets */,
				A3AA9A7219745FFF0012319F /* Supporting Files */,
			);
			path = "UITableViewController Challenge Solution";
			sourceTree = "<group>";
		};
		A3AA9A7219745FFF0012319F /* Supporting Files */ = {
			isa = PBXGroup;
			children = (
				A3AA9A7319745FFF0012319F /* UITableViewController Challenge Solution-Info.plist */,
				A3AA9A7419745FFF0012319F /* InfoPlist.strings */,
				A3AA9A7719745FFF0012319F /* main.m */,
				A3AA9A7919745FFF0012319F /* UITableViewController Challenge Solution-Prefix.pch */,
			);
			name = "Supporting Files";
			sourceTree = "<group>";
		};
		A3AA9A9019745FFF0012319F /* UITableViewController Challenge SolutionTests */ = {
			isa = PBXGroup;
			children = (
				A3AA9A9619745FFF0012319F /* UITableViewController_Challenge_SolutionTests.m */,
				A3AA9A9119745FFF0012319F /* Supporting Files */,
			);
			path = "UITableViewController Challenge SolutionTests";
			sourceTree = "<group>";
		};
		A3AA9A9119745FFF0012319F /* Supporting Files */ = {
			isa = PBXGroup;
			children = (
				A3AA9A9219745FFF0012319F /* UITableViewController Challenge SolutionTests-Info.plist */,
				A3AA9A9319745FFF0012319F /* InfoPlist.strings */,
			);
			name = "Supporting Files";
			sourceTree = "<group>";
		};
/* End PBXGroup section */

/* Begin PBXNativeTarget section */
		A3AA9A6719745FFE0012319F /* UITableViewController Challenge Solution */ = {
			isa = PBXNativeTarget;
			buildConfigurationList = A3AA9A9A19745FFF0012319F /* Build configuration list for PBXNativeTarget "UITableViewController Challenge Solution" */;
			buildPhases = (
				A3AA9A6419745FFE0012319F /* Sources */,
				A3AA9A6519745FFE0012319F /* Frameworks */,
				A3AA9A6619745FFE0012319F /* Resources */,
			);
			buildRules = (
			);
			dependencies = (
			);
			name = "UITableViewController Challenge Solution";
			productName = "UITableViewController Challenge Solution";
			productReference = A3AA9A6819745FFF0012319F /* UITableViewController Challenge Solution.app */;
			productType = "com.apple.product-type.application";
		};
		A3AA9A8819745FFF0012319F /* UITableViewController Challenge SolutionTests */ = {
			isa = PBXNativeTarget;
			buildConfigurationList = A3AA9A9D19745FFF0012319F /* Build configuration list for PBXNativeTarget "UITableViewController Challenge SolutionTests" */;
			buildPhases = (
				A3AA9A8519745FFF0012319F /* Sources */,
				A3AA9A8619745FFF0012319F /* Frameworks */,
				A3AA9A8719745FFF0012319F /* Resources */,
			);
			buildRules = (
			);
			dependencies = (
				A3AA9A8F19745FFF0012319F /* PBXTargetDependency */,
			);
			name = "UITableViewController Challenge SolutionTests";
			productName = "UITableViewController Challenge SolutionTests";
			productReference = A3AA9A8919745FFF0012319F /* UITableViewController Challenge SolutionTests.xctest */;
			productType = "com.apple.product-type.bundle.unit-test";
		};
/* End PBXNativeTarget section */

/* Begin PBXProject section */
		A3AA9A6019745FFE0012319F /* Project object */ = {
			isa = PBXProject;
			attributes = {
				CLASSPREFIX = MSG;
				LastUpgradeCheck = 0510;
				ORGANIZATIONNAME = "Manprit Gill";
				TargetAttributes = {
					A3AA9A8819745FFF0012319F = {
						TestTargetID = A3AA9A6719745FFE0012319F;
					};
				};
			};
			buildConfigurationList = A3AA9A6319745FFE0012319F /* Build configuration list for PBXProject "UITableViewController Challenge Solution" */;
			compatibilityVersion = "Xcode 3.2";
			developmentRegion = English;
			hasScannedForEncodings = 0;
			knownRegions = (
				en,
				Base,
			);
			mainGroup = A3AA9A5F19745FFE0012319F;
			productRefGroup = A3AA9A6919745FFF0012319F /* Products */;
			projectDirPath = "";
			projectRoot = "";
			targets = (
				A3AA9A6719745FFE0012319F /* UITableViewController Challenge Solution */,
				A3AA9A8819745FFF0012319F /* UITableViewController Challenge SolutionTests */,
			);
		};
/* End PBXProject section */

/* Begin PBXResourcesBuildPhase section */
		A3AA9A6619745FFE0012319F /* Resources */ = {
			isa = PBXResourcesBuildPhase;
			buildActionMask = 2147483647;
			files = (
				A3AA9A8419745FFF0012319F /* Images.xcassets in Resources */,
				A3AA9A7619745FFF0012319F /* InfoPlist.strings in Resources */,
				A3AA9A7F19745FFF0012319F /* Main.storyboard in Resources */,
			);
			runOnlyForDeploymentPostprocessing = 0;
		};
		A3AA9A8719745FFF0012319F /* Resources */ = {
			isa = PBXResourcesBuildPhase;
			buildActionMask = 2147483647;
			files = (
				A3AA9A9519745FFF0012319F /* InfoPlist.strings in Resources */,
			);
			runOnlyForDeploymentPostprocessing = 0;
		};
/* End PBXResourcesBuildPhase section */

/* Begin PBXSourcesBuildPhase section */
		A3AA9A6419745FFE0012319F /* Sources */ = {
			isa = PBXSourcesBuildPhase;
			buildActionMask = 2147483647;
			files = (
				A3AA9AA2197460F80012319F /* MSGTableViewController.m in Sources */,
				A3AA9A7C19745FFF0012319F /* MSGAppDelegate.m in Sources */,
				A3AA9A7819745FFF0012319F /* main.m in Sources */,
			);
			runOnlyForDeploymentPostprocessing = 0;
		};
		A3AA9A8519745FFF0012319F /* Sources */ = {
			isa = PBXSourcesBuildPhase;
			buildActionMask = 2147483647;
			files = (
				A3AA9A9719745FFF0012319F /* UITableViewController_Challenge_SolutionTests.m in Sources */,
			);
			runOnlyForDeploymentPostprocessing = 0;
		};
/* End PBXSourcesBuildPhase section */

/* Begin PBXTargetDependency section */
		A3AA9A8F19745FFF0012319F /* PBXTargetDependency */ = {
			isa = PBXTargetDependency;
			target = A3AA9A6719745FFE0012319F /* UITableViewController Challenge Solution */;
			targetProxy = A3AA9A8E19745FFF0012319F /* PBXContainerItemProxy */;
		};
/* End PBXTargetDependency section */

/* Begin PBXVariantGroup section */
		A3AA9A7419745FFF0012319F /* InfoPlist.strings */ = {
			isa = PBXVariantGroup;
			children = (
				A3AA9A7519745FFF0012319F /* en */,
			);
			name = InfoPlist.strings;
			sourceTree = "<group>";
		};
		A3AA9A7D19745FFF0012319F /* Main.storyboard */ = {
			isa = PBXVariantGroup;
			children = (
				A3AA9A7E19745FFF0012319F /* Base */,
			);
			name = Main.storyboard;
			sourceTree = "<group>";
		};
		A3AA9A9319745FFF0012319F /* InfoPlist.strings */ = {
			isa = PBXVariantGroup;
			children = (
				A3AA9A9419745FFF0012319F /* en */,
			);
			name = InfoPlist.strings;
			sourceTree = "<group>";
		};
/* End PBXVariantGroup section */

/* Begin XCBuildConfiguration section */
		A3AA9A9819745FFF0012319F /* Debug */ = {
			isa = XCBuildConfiguration;
			buildSettings = {
				ALWAYS_SEARCH_USER_PATHS = NO;
				CLANG_CXX_LANGUAGE_STANDARD = "gnu++0x";
				CLANG_CXX_LIBRARY = "libc++";
				CLANG_ENABLE_MODULES = YES;
				CLANG_ENABLE_OBJC_ARC = YES;
				CLANG_WARN_BOOL_CONVERSION = YES;
				CLANG_WARN_CONSTANT_CONVERSION = YES;
				CLANG_WARN_DIRECT_OBJC_ISA_USAGE = YES_ERROR;
				CLANG_WARN_EMPTY_BODY = YES;
				CLANG_WARN_ENUM_CONVERSION = YES;
				CLANG_WARN_INT_CONVERSION = YES;
				CLANG_WARN_OBJC_ROOT_CLASS = YES_ERROR;
				CLANG_WARN__DUPLICATE_METHOD_MATCH = YES;
				"CODE_SIGN_IDENTITY[sdk=iphoneos*]" = "iPhone Developer";
				COPY_PHASE_STRIP = NO;
				GCC_C_LANGUAGE_STANDARD = gnu99;
				GCC_DYNAMIC_NO_PIC = NO;
				GCC_OPTIMIZATION_LEVEL = 0;
				GCC_PREPROCESSOR_DEFINITIONS = (
					"DEBUG=1",
					"$(inherited)",
				);
				GCC_SYMBOLS_PRIVATE_EXTERN = NO;
				GCC_WARN_64_TO_32_BIT_CONVERSION = YES;
				GCC_WARN_ABOUT_RETURN_TYPE = YES_ERROR;
				GCC_WARN_UNDECLARED_SELECTOR = YES;
				GCC_WARN_UNINITIALIZED_AUTOS = YES_AGGRESSIVE;
				GCC_WARN_UNUSED_FUNCTION = YES;
				GCC_WARN_UNUSED_VARIABLE = YES;
				IPHONEOS_DEPLOYMENT_TARGET = 7.1;
				ONLY_ACTIVE_ARCH = YES;
				SDKROOT = iphoneos;
			};
			name = Debug;
		};
		A3AA9A9919745FFF0012319F /* Release */ = {
			isa = XCBuildConfiguration;
			buildSettings = {
				ALWAYS_SEARCH_USER_PATHS = NO;
				CLANG_CXX_LANGUAGE_STANDARD = "gnu++0x";
				CLANG_CXX_LIBRARY = "libc++";
				CLANG_ENABLE_MODULES = YES;
				CLANG_ENABLE_OBJC_ARC = YES;
				CLANG_WARN_BOOL_CONVERSION = YES;
				CLANG_WARN_CONSTANT_CONVERSION = YES;
				CLANG_WARN_DIRECT_OBJC_ISA_USAGE = YES_ERROR;
				CLANG_WARN_EMPTY_BODY = YES;
				CLANG_WARN_ENUM_CONVERSION = YES;
				CLANG_WARN_INT_CONVERSION = YES;
				CLANG_WARN_OBJC_ROOT_CLASS = YES_ERROR;
				CLANG_WARN__DUPLICATE_METHOD_MATCH = YES;
				"CODE_SIGN_IDENTITY[sdk=iphoneos*]" = "iPhone Developer";
				COPY_PHASE_STRIP = YES;
				ENABLE_NS_ASSERTIONS = NO;
				GCC_C_LANGUAGE_STANDARD = gnu99;
				GCC_WARN_64_TO_32_BIT_CONVERSION = YES;
				GCC_WARN_ABOUT_RETURN_TYPE = YES_ERROR;
				GCC_WARN_UNDECLARED_SELECTOR = YES;
				GCC_WARN_UNINITIALIZED_AUTOS = YES_AGGRESSIVE;
				GCC_WARN_UNUSED_FUNCTION = YES;
				GCC_WARN_UNUSED_VARIABLE = YES;
				IPHONEOS_DEPLOYMENT_TARGET = 7.1;
				SDKROOT = iphoneos;
				VALIDATE_PRODUCT = YES;
			};
			name = Release;
		};
		A3AA9A9B19745FFF0012319F /* Debug */ = {
			isa = XCBuildConfiguration;
			buildSettings = {
				ASSETCATALOG_COMPILER_APPICON_NAME = AppIcon;
				ASSETCATALOG_COMPILER_LAUNCHIMAGE_NAME = LaunchImage;
				GCC_PRECOMPILE_PREFIX_HEADER = YES;
				GCC_PREFIX_HEADER = "UITableViewController Challenge Solution/UITableViewController Challenge Solution-Prefix.pch";
				INFOPLIST_FILE = "UITableViewController Challenge Solution/UITableViewController Challenge Solution-Info.plist";
				PRODUCT_NAME = "$(TARGET_NAME)";
				WRAPPER_EXTENSION = app;
			};
			name = Debug;
		};
		A3AA9A9C19745FFF0012319F /* Release */ = {
			isa = XCBuildConfiguration;
			buildSettings = {
				ASSETCATALOG_COMPILER_APPICON_NAME = AppIcon;
				ASSETCATALOG_COMPILER_LAUNCHIMAGE_NAME = LaunchImage;
				GCC_PRECOMPILE_PREFIX_HEADER = YES;
				GCC_PREFIX_HEADER = "UITableViewController Challenge Solution/UITableViewController Challenge Solution-Prefix.pch";
				INFOPLIST_FILE = "UITableViewController Challenge Solution/UITableViewController Challenge Solution-Info.plist";
				PRODUCT_NAME = "$(TARGET_NAME)";
				WRAPPER_EXTENSION = app;
			};
			name = Release;
		};
		A3AA9A9E19745FFF0012319F /* Debug */ = {
			isa = XCBuildConfiguration;
			buildSettings = {
				BUNDLE_LOADER = "$(BUILT_PRODUCTS_DIR)/UITableViewController Challenge Solution.app/UITableViewController Challenge Solution";
				FRAMEWORK_SEARCH_PATHS = (
					"$(SDKROOT)/Developer/Library/Frameworks",
					"$(inherited)",
					"$(DEVELOPER_FRAMEWORKS_DIR)",
				);
				GCC_PRECOMPILE_PREFIX_HEADER = YES;
				GCC_PREFIX_HEADER = "UITableViewController Challenge Solution/UITableViewController Challenge Solution-Prefix.pch";
				GCC_PREPROCESSOR_DEFINITIONS = (
					"DEBUG=1",
					"$(inherited)",
				);
				INFOPLIST_FILE = "UITableViewController Challenge SolutionTests/UITableViewController Challenge SolutionTests-Info.plist";
				PRODUCT_NAME = "$(TARGET_NAME)";
				TEST_HOST = "$(BUNDLE_LOADER)";
				WRAPPER_EXTENSION = xctest;
			};
			name = Debug;
		};
		A3AA9A9F19745FFF0012319F /* Release */ = {
			isa = XCBuildConfiguration;
			buildSettings = {
				BUNDLE_LOADER = "$(BUILT_PRODUCTS_DIR)/UITableViewController Challenge Solution.app/UITableViewController Challenge Solution";
				FRAMEWORK_SEARCH_PATHS = (
					"$(SDKROOT)/Developer/Library/Frameworks",
					"$(inherited)",
					"$(DEVELOPER_FRAMEWORKS_DIR)",
				);
				GCC_PRECOMPILE_PREFIX_HEADER = YES;
				GCC_PREFIX_HEADER = "UITableViewController Challenge Solution/UITableViewController Challenge Solution-Prefix.pch";
				INFOPLIST_FILE = "UITableViewController Challenge SolutionTests/UITableViewController Challenge SolutionTests-Info.plist";
				PRODUCT_NAME = "$(TARGET_NAME)";
				TEST_HOST = "$(BUNDLE_LOADER)";
				WRAPPER_EXTENSION = xctest;
			};
			name = Release;
		};
/* End XCBuildConfiguration section */

/* Begin XCConfigurationList section */
		A3AA9A6319745FFE0012319F /* Build configuration list for PBXProject "UITableViewController Challenge Solution" */ = {
			isa = XCConfigurationList;
			buildConfigurations = (
				A3AA9A9819745FFF0012319F /* Debug */,
				A3AA9A9919745FFF0012319F /* Release */,
			);
			defaultConfigurationIsVisible = 0;
			defaultConfigurationName = Release;
		};
		A3AA9A9A19745FFF0012319F /* Build configuration list for PBXNativeTarget "UITableViewController Challenge Solution" */ = {
			isa = XCConfigurationList;
			buildConfigurations = (
				A3AA9A9B19745FFF0012319F /* Debug */,
				A3AA9A9C19745FFF0012319F /* Release */,
			);
			defaultConfigurationIsVisible = 0;
		};
		A3AA9A9D19745FFF0012319F /* Build configuration list for PBXNativeTarget "UITableViewController Challenge SolutionTests" */ = {
			isa = XCConfigurationList;
			buildConfigurations = (
				A3AA9A9E19745FFF0012319F /* Debug */,
				A3AA9A9F19745FFF0012319F /* Release */,
			);
			defaultConfigurationIsVisible = 0;
		};
/* End XCConfigurationList section */
	};
	rootObject = A3AA9A6019745FFE0012319F /* Project object */;
}
